
Microsoft Visual Studio Solution File, Format Version 12.00
# Visual Studio Version 16
VisualStudioVersion = 16.0.30204.135
MinimumVisualStudioVersion = 10.0.40219.1
Project("{FAE04EC0-301F-11D3-BF4B-00C04F79EFBC}") = "GardGameHomework", "GardGameHomework\GardGameHomework.csproj", "{2642760E-360B-4B7D-BF16-82B72F30A1C7}"
EndProject
Project("{FAE04EC0-301F-11D3-BF4B-00C04F79EFBC}") = "ConsoleMenu", "ConsoleMenu\ConsoleMenu.csproj", "{C747402D-29B4-4AC6-A1B3-4FAEEFB8BEFC}"
EndProject
Project("{FAE04EC0-301F-11D3-BF4B-00C04F79EFBC}") = "Enum", "Enum\Enum.csproj", "{D14FFD09-50C8-4F72-8E39-1A650244D697}"
EndProject
Global
	GlobalSection(SolutionConfigurationPlatforms) = preSolution
		Debug|Any CPU = Debug|Any CPU
		Release|Any CPU = Release|Any CPU
	EndGlobalSection
	GlobalSection(ProjectConfigurationPlatforms) = postSolution
		{2642760E-360B-4B7D-BF16-82B72F30A1C7}.Debug|Any CPU.ActiveCfg = Debug|Any CPU
		{2642760E-360B-4B7D-BF16-82B72F30A1C7}.Debug|Any CPU.Build.0 = Debug|Any CPU
		{2642760E-360B-4B7D-BF16-82B72F30A1C7}.Release|Any CPU.ActiveCfg = Release|Any CPU
		{2642760E-360B-4B7D-BF16-82B72F30A1C7}.Release|Any CPU.Build.0 = Release|Any CPU
		{C747402D-29B4-4AC6-A1B3-4FAEEFB8BEFC}.Debug|Any CPU.ActiveCfg = Debug|Any CPU
		{C747402D-29B4-4AC6-A1B3-4FAEEFB8BEFC}.Debug|Any CPU.Build.0 = Debug|Any CPU
		{C747402D-29B4-4AC6-A1B3-4FAEEFB8BEFC}.Release|Any CPU.ActiveCfg = Release|Any CPU
		{C747402D-29B4-4AC6-A1B3-4FAEEFB8BEFC}.Release|Any CPU.Build.0 = Release|Any CPU
		{D14FFD09-50C8-4F72-8E39-1A650244D697}.Debug|Any CPU.ActiveCfg = Debug|Any CPU
		{D14FFD09-50C8-4F72-8E39-1A650244D697}.Debug|Any CPU.Build.0 = Debug|Any CPU
		{D14FFD09-50C8-4F72-8E39-1A650244D697}.Release|Any CPU.ActiveCfg = Release|Any CPU
		{D14FFD09-50C8-4F72-8E39-1A650244D697}.Release|Any CPU.Build.0 = Release|Any CPU
	EndGlobalSection
	GlobalSection(SolutionProperties) = preSolution
		HideSolutionNode = FALSE
	EndGlobalSection
	GlobalSection(ExtensibilityGlobals) = postSolution
		SolutionGuid = {F7F7A751-78C8-41B6-9F75-B5AF12985BEA}
	EndGlobalSection
EndGlobal
